
Microsoft Visual Studio Solution File, Format Version 12.00
# Visual Studio Version 16
VisualStudioVersion = 16.0.30503.244
MinimumVisualStudioVersion = 10.0.40219.1
Project("{FAE04EC0-301F-11D3-BF4B-00C04F79EFBC}") = "TP1_Jonathan_Lamontagne", "TP1_Jonathan_Lamontagne.csproj", "{FCD6D7AC-E07A-4FDB-97D8-C55A66D4CC44}"
EndProject
Global
	GlobalSection(SolutionConfigurationPlatforms) = preSolution
		Debug|Any CPU = Debug|Any CPU
		Release|Any CPU = Release|Any CPU
	EndGlobalSection
	GlobalSection(ProjectConfigurationPlatforms) = postSolution
		{FCD6D7AC-E07A-4FDB-97D8-C55A66D4CC44}.Debug|Any CPU.ActiveCfg = Debug|Any CPU
		{FCD6D7AC-E07A-4FDB-97D8-C55A66D4CC44}.Debug|Any CPU.Build.0 = Debug|Any CPU
		{FCD6D7AC-E07A-4FDB-97D8-C55A66D4CC44}.Release|Any CPU.ActiveCfg = Release|Any CPU
		{FCD6D7AC-E07A-4FDB-97D8-C55A66D4CC44}.Release|Any CPU.Build.0 = Release|Any CPU
	EndGlobalSection
	GlobalSection(SolutionProperties) = preSolution
		HideSolutionNode = FALSE
	EndGlobalSection
	GlobalSection(ExtensibilityGlobals) = postSolution
		SolutionGuid = {DA4F72B9-E87B-4055-86A9-724BB5A69C05}
	EndGlobalSection
EndGlobal
